
Microsoft Visual Studio Solution File, Format Version 12.00
# Visual Studio 2012
Project("{FAE04EC0-301F-11D3-BF4B-00C04F79EFBC}") = "Change Maker", "Change Maker.csproj", "{642AF7F6-F5BC-4079-A82B-E4F116C51ECD}"
EndProject
Global
	GlobalSection(SolutionConfigurationPlatforms) = preSolution
		Debug|Any CPU = Debug|Any CPU
		Release|Any CPU = Release|Any CPU
	EndGlobalSection
	GlobalSection(ProjectConfigurationPlatforms) = postSolution
		{642AF7F6-F5BC-4079-A82B-E4F116C51ECD}.Debug|Any CPU.ActiveCfg = Debug|Any CPU
		{642AF7F6-F5BC-4079-A82B-E4F116C51ECD}.Debug|Any CPU.Build.0 = Debug|Any CPU
		{642AF7F6-F5BC-4079-A82B-E4F116C51ECD}.Release|Any CPU.ActiveCfg = Release|Any CPU
		{642AF7F6-F5BC-4079-A82B-E4F116C51ECD}.Release|Any CPU.Build.0 = Release|Any CPU
	EndGlobalSection
	GlobalSection(SolutionProperties) = preSolution
		HideSolutionNode = FALSE
	EndGlobalSection
EndGlobal
